// !$*UTF8*$!
{
	archiveVersion = 1;
	classes = {
	};
	objectVersion = 46;
	objects = {

/* Begin PBXBuildFile section */
		2A80B0B91B2B89A3009E02CE /* main.m in Sources */ = {isa = PBXBuildFile; fileRef = 2A80B0B81B2B89A3009E02CE /* main.m */; };
		2A80B0BC1B2B89A3009E02CE /* AppDelegate.m in Sources */ = {isa = PBXBuildFile; fileRef = 2A80B0BB1B2B89A3009E02CE /* AppDelegate.m */; };
		2A80B0BF1B2B89A3009E02CE /* ViewController.m in Sources */ = {isa = PBXBuildFile; fileRef = 2A80B0BE1B2B89A3009E02CE /* ViewController.m */; };
		2A80B0C21B2B89A3009E02CE /* Main.storyboard in Resources */ = {isa = PBXBuildFile; fileRef = 2A80B0C01B2B89A3009E02CE /* Main.storyboard */; };
		2A80B0C41B2B89A3009E02CE /* Images.xcassets in Resources */ = {isa = PBXBuildFile; fileRef = 2A80B0C31B2B89A3009E02CE /* Images.xcassets */; };
		2A80B0C71B2B89A3009E02CE /* LaunchScreen.xib in Resources */ = {isa = PBXBuildFile; fileRef = 2A80B0C51B2B89A3009E02CE /* LaunchScreen.xib */; };
		2A80B0D31B2B89A3009E02CE /* assignmentTests.m in Sources */ = {isa = PBXBuildFile; fileRef = 2A80B0D21B2B89A3009E02CE /* assignmentTests.m */; };
		2A80B0DE1B2B8F0B009E02CE /* ViewControllerTwo.m in Sources */ = {isa = PBXBuildFile; fileRef = 2A80B0DD1B2B8F0B009E02CE /* ViewControllerTwo.m */; };
		2A80B0E11B2B9880009E02CE /* ViewControllerThree.m in Sources */ = {isa = PBXBuildFile; fileRef = 2A80B0E01B2B9880009E02CE /* ViewControllerThree.m */; };
		2A80B0E31B2B9D0D009E02CE /* logo.jpg in Resources */ = {isa = PBXBuildFile; fileRef = 2A80B0E21B2B9D0D009E02CE /* logo.jpg */; };
/* End PBXBuildFile section */

/* Begin PBXContainerItemProxy section */
		2A80B0CD1B2B89A3009E02CE /* PBXContainerItemProxy */ = {
			isa = PBXContainerItemProxy;
			containerPortal = 2A80B0AB1B2B89A3009E02CE /* Project object */;
			proxyType = 1;
			remoteGlobalIDString = 2A80B0B21B2B89A3009E02CE;
			remoteInfo = assignment;
		};
/* End PBXContainerItemProxy section */

/* Begin PBXFileReference section */
		2A80B0B31B2B89A3009E02CE /* assignment.app */ = {isa = PBXFileReference; explicitFileType = wrapper.application; includeInIndex = 0; path = assignment.app; sourceTree = BUILT_PRODUCTS_DIR; };
		2A80B0B71B2B89A3009E02CE /* Info.plist */ = {isa = PBXFileReference; lastKnownFileType = text.plist.xml; path = Info.plist; sourceTree = "<group>"; };
		2A80B0B81B2B89A3009E02CE /* main.m */ = {isa = PBXFileReference; lastKnownFileType = sourcecode.c.objc; path = main.m; sourceTree = "<group>"; };
		2A80B0BA1B2B89A3009E02CE /* AppDelegate.h */ = {isa = PBXFileReference; lastKnownFileType = sourcecode.c.h; path = AppDelegate.h; sourceTree = "<group>"; };
		2A80B0BB1B2B89A3009E02CE /* AppDelegate.m */ = {isa = PBXFileReference; lastKnownFileType = sourcecode.c.objc; path = AppDelegate.m; sourceTree = "<group>"; };
		2A80B0BD1B2B89A3009E02CE /* ViewController.h */ = {isa = PBXFileReference; lastKnownFileType = sourcecode.c.h; path = ViewController.h; sourceTree = "<group>"; };
		2A80B0BE1B2B89A3009E02CE /* ViewController.m */ = {isa = PBXFileReference; lastKnownFileType = sourcecode.c.objc; path = ViewController.m; sourceTree = "<group>"; };
		2A80B0C11B2B89A3009E02CE /* Base */ = {isa = PBXFileReference; lastKnownFileType = file.storyboard; name = Base; path = Base.lproj/Main.storyboard; sourceTree = "<group>"; };
		2A80B0C31B2B89A3009E02CE /* Images.xcassets */ = {isa = PBXFileReference; lastKnownFileType = folder.assetcatalog; path = Images.xcassets; sourceTree = "<group>"; };
		2A80B0C61B2B89A3009E02CE /* Base */ = {isa = PBXFileReference; lastKnownFileType = file.xib; name = Base; path = Base.lproj/LaunchScreen.xib; sourceTree = "<group>"; };
		2A80B0CC1B2B89A3009E02CE /* assignmentTests.xctest */ = {isa = PBXFileReference; explicitFileType = wrapper.cfbundle; includeInIndex = 0; path = assignmentTests.xctest; sourceTree = BUILT_PRODUCTS_DIR; };
		2A80B0D11B2B89A3009E02CE /* Info.plist */ = {isa = PBXFileReference; lastKnownFileType = text.plist.xml; path = Info.plist; sourceTree = "<group>"; };
		2A80B0D21B2B89A3009E02CE /* assignmentTests.m */ = {isa = PBXFileReference; lastKnownFileType = sourcecode.c.objc; path = assignmentTests.m; sourceTree = "<group>"; };
		2A80B0DC1B2B8F0B009E02CE /* ViewControllerTwo.h */ = {isa = PBXFileReference; fileEncoding = 4; lastKnownFileType = sourcecode.c.h; path = ViewControllerTwo.h; sourceTree = "<group>"; };
		2A80B0DD1B2B8F0B009E02CE /* ViewControllerTwo.m */ = {isa = PBXFileReference; fileEncoding = 4; lastKnownFileType = sourcecode.c.objc; path = ViewControllerTwo.m; sourceTree = "<group>"; };
		2A80B0DF1B2B9880009E02CE /* ViewControllerThree.h */ = {isa = PBXFileReference; fileEncoding = 4; lastKnownFileType = sourcecode.c.h; path = ViewControllerThree.h; sourceTree = "<group>"; };
		2A80B0E01B2B9880009E02CE /* ViewControllerThree.m */ = {isa = PBXFileReference; fileEncoding = 4; lastKnownFileType = sourcecode.c.objc; path = ViewControllerThree.m; sourceTree = "<group>"; };
		2A80B0E21B2B9D0D009E02CE /* logo.jpg */ = {isa = PBXFileReference; lastKnownFileType = image.jpeg; name = logo.jpg; path = ../../../../Desktop/logo.jpg; sourceTree = "<group>"; };
/* End PBXFileReference section */

/* Begin PBXFrameworksBuildPhase section */
		2A80B0B01B2B89A3009E02CE /* Frameworks */ = {
			isa = PBXFrameworksBuildPhase;
			buildActionMask = 2147483647;
			files = (
			);
			runOnlyForDeploymentPostprocessing = 0;
		};
		2A80B0C91B2B89A3009E02CE /* Frameworks */ = {
			isa = PBXFrameworksBuildPhase;
			buildActionMask = 2147483647;
			files = (
			);
			runOnlyForDeploymentPostprocessing = 0;
		};
/* End PBXFrameworksBuildPhase section */

/* Begin PBXGroup section */
		2A80B0AA1B2B89A3009E02CE = {
			isa = PBXGroup;
			children = (
				2A80B0B51B2B89A3009E02CE /* assignment */,
				2A80B0CF1B2B89A3009E02CE /* assignmentTests */,
				2A80B0B41B2B89A3009E02CE /* Products */,
			);
			sourceTree = "<group>";
		};
		2A80B0B41B2B89A3009E02CE /* Products */ = {
			isa = PBXGroup;
			children = (
				2A80B0B31B2B89A3009E02CE /* assignment.app */,
				2A80B0CC1B2B89A3009E02CE /* assignmentTests.xctest */,
			);
			name = Products;
			sourceTree = "<group>";
		};
		2A80B0B51B2B89A3009E02CE /* assignment */ = {
			isa = PBXGroup;
			children = (
				2A80B0E21B2B9D0D009E02CE /* logo.jpg */,
				2A80B0BA1B2B89A3009E02CE /* AppDelegate.h */,
				2A80B0DF1B2B9880009E02CE /* ViewControllerThree.h */,
				2A80B0E01B2B9880009E02CE /* ViewControllerThree.m */,
				2A80B0BB1B2B89A3009E02CE /* AppDelegate.m */,
				2A80B0BD1B2B89A3009E02CE /* ViewController.h */,
				2A80B0BE1B2B89A3009E02CE /* ViewController.m */,
				2A80B0C01B2B89A3009E02CE /* Main.storyboard */,
				2A80B0DC1B2B8F0B009E02CE /* ViewControllerTwo.h */,
				2A80B0DD1B2B8F0B009E02CE /* ViewControllerTwo.m */,
				2A80B0C31B2B89A3009E02CE /* Images.xcassets */,
				2A80B0C51B2B89A3009E02CE /* LaunchScreen.xib */,
				2A80B0B61B2B89A3009E02CE /* Supporting Files */,
			);
			path = assignment;
			sourceTree = "<group>";
		};
		2A80B0B61B2B89A3009E02CE /* Supporting Files */ = {
			isa = PBXGroup;
			children = (
				2A80B0B71B2B89A3009E02CE /* Info.plist */,
				2A80B0B81B2B89A3009E02CE /* main.m */,
			);
			name = "Supporting Files";
			sourceTree = "<group>";
		};
		2A80B0CF1B2B89A3009E02CE /* assignmentTests */ = {
			isa = PBXGroup;
			children = (
				2A80B0D21B2B89A3009E02CE /* assignmentTests.m */,
				2A80B0D01B2B89A3009E02CE /* Supporting Files */,
			);
			path = assignmentTests;
			sourceTree = "<group>";
		};
		2A80B0D01B2B89A3009E02CE /* Supporting Files */ = {
			isa = PBXGroup;
			children = (
				2A80B0D11B2B89A3009E02CE /* Info.plist */,
			);
			name = "Supporting Files";
			sourceTree = "<group>";
		};
/* End PBXGroup section */

/* Begin PBXNativeTarget section */
		2A80B0B21B2B89A3009E02CE /* assignment */ = {
			isa = PBXNativeTarget;
			buildConfigurationList = 2A80B0D61B2B89A3009E02CE /* Build configuration list for PBXNativeTarget "assignment" */;
			buildPhases = (
				2A80B0AF1B2B89A3009E02CE /* Sources */,
				2A80B0B01B2B89A3009E02CE /* Frameworks */,
				2A80B0B11B2B89A3009E02CE /* Resources */,
			);
			buildRules = (
			);
			dependencies = (
			);
			name = assignment;
			productName = assignment;
			productReference = 2A80B0B31B2B89A3009E02CE /* assignment.app */;
			productType = "com.apple.product-type.application";
		};
		2A80B0CB1B2B89A3009E02CE /* assignmentTests */ = {
			isa = PBXNativeTarget;
			buildConfigurationList = 2A80B0D91B2B89A3009E02CE /* Build configuration list for PBXNativeTarget "assignmentTests" */;
			buildPhases = (
				2A80B0C81B2B89A3009E02CE /* Sources */,
				2A80B0C91B2B89A3009E02CE /* Frameworks */,
				2A80B0CA1B2B89A3009E02CE /* Resources */,
			);
			buildRules = (
			);
			dependencies = (
				2A80B0CE1B2B89A3009E02CE /* PBXTargetDependency */,
			);
			name = assignmentTests;
			productName = assignmentTests;
			productReference = 2A80B0CC1B2B89A3009E02CE /* assignmentTests.xctest */;
			productType = "com.apple.product-type.bundle.unit-test";
		};
/* End PBXNativeTarget section */

/* Begin PBXProject section */
		2A80B0AB1B2B89A3009E02CE /* Project object */ = {
			isa = PBXProject;
			attributes = {
				LastUpgradeCheck = 0630;
				ORGANIZATIONNAME = UMKC;
				TargetAttributes = {
					2A80B0B21B2B89A3009E02CE = {
						CreatedOnToolsVersion = 6.3.2;
					};
					2A80B0CB1B2B89A3009E02CE = {
						CreatedOnToolsVersion = 6.3.2;
						TestTargetID = 2A80B0B21B2B89A3009E02CE;
					};
				};
			};
			buildConfigurationList = 2A80B0AE1B2B89A3009E02CE /* Build configuration list for PBXProject "assignment" */;
			compatibilityVersion = "Xcode 3.2";
			developmentRegion = English;
			hasScannedForEncodings = 0;
			knownRegions = (
				en,
				Base,
			);
			mainGroup = 2A80B0AA1B2B89A3009E02CE;
			productRefGroup = 2A80B0B41B2B89A3009E02CE /* Products */;
			projectDirPath = "";
			projectRoot = "";
			targets = (
				2A80B0B21B2B89A3009E02CE /* assignment */,
				2A80B0CB1B2B89A3009E02CE /* assignmentTests */,
			);
		};
/* End PBXProject section */

/* Begin PBXResourcesBuildPhase section */
		2A80B0B11B2B89A3009E02CE /* Resources */ = {
			isa = PBXResourcesBuildPhase;
			buildActionMask = 2147483647;
			files = (
				2A80B0E31B2B9D0D009E02CE /* logo.jpg in Resources */,
				2A80B0C21B2B89A3009E02CE /* Main.storyboard in Resources */,
				2A80B0C71B2B89A3009E02CE /* LaunchScreen.xib in Resources */,
				2A80B0C41B2B89A3009E02CE /* Images.xcassets in Resources */,
			);
			runOnlyForDeploymentPostprocessing = 0;
		};
		2A80B0CA1B2B89A3009E02CE /* Resources */ = {
			isa = PBXResourcesBuildPhase;
			buildActionMask = 2147483647;
			files = (
			);
			runOnlyForDeploymentPostprocessing = 0;
		};
/* End PBXResourcesBuildPhase section */

/* Begin PBXSourcesBuildPhase section */
		2A80B0AF1B2B89A3009E02CE /* Sources */ = {
			isa = PBXSourcesBuildPhase;
			buildActionMask = 2147483647;
			files = (
				2A80B0BF1B2B89A3009E02CE /* ViewController.m in Sources */,
				2A80B0BC1B2B89A3009E02CE /* AppDelegate.m in Sources */,
				2A80B0B91B2B89A3009E02CE /* main.m in Sources */,
				2A80B0E11B2B9880009E02CE /* ViewControllerThree.m in Sources */,
				2A80B0DE1B2B8F0B009E02CE /* ViewControllerTwo.m in Sources */,
			);
			runOnlyForDeploymentPostprocessing = 0;
		};
		2A80B0C81B2B89A3009E02CE /* Sources */ = {
			isa = PBXSourcesBuildPhase;
			buildActionMask = 2147483647;
			files = (
				2A80B0D31B2B89A3009E02CE /* assignmentTests.m in Sources */,
			);
			runOnlyForDeploymentPostprocessing = 0;
		};
/* End PBXSourcesBuildPhase section */

/* Begin PBXTargetDependency section */
		2A80B0CE1B2B89A3009E02CE /* PBXTargetDependency */ = {
			isa = PBXTargetDependency;
			target = 2A80B0B21B2B89A3009E02CE /* assignment */;
			targetProxy = 2A80B0CD1B2B89A3009E02CE /* PBXContainerItemProxy */;
		};
/* End PBXTargetDependency section */

/* Begin PBXVariantGroup section */
		2A80B0C01B2B89A3009E02CE /* Main.storyboard */ = {
			isa = PBXVariantGroup;
			children = (
				2A80B0C11B2B89A3009E02CE /* Base */,
			);
			name = Main.storyboard;
			sourceTree = "<group>";
		};
		2A80B0C51B2B89A3009E02CE /* LaunchScreen.xib */ = {
			isa = PBXVariantGroup;
			children = (
				2A80B0C61B2B89A3009E02CE /* Base */,
			);
			name = LaunchScreen.xib;
			sourceTree = "<group>";
		};
/* End PBXVariantGroup section */

/* Begin XCBuildConfiguration section */
		2A80B0D41B2B89A3009E02CE /* Debug */ = {
			isa = XCBuildConfiguration;
			buildSettings = {
				ALWAYS_SEARCH_USER_PATHS = NO;
				CLANG_CXX_LANGUAGE_STANDARD = "gnu++0x";
				CLANG_CXX_LIBRARY = "libc++";
				CLANG_ENABLE_MODULES = YES;
				CLANG_ENABLE_OBJC_ARC = YES;
				CLANG_WARN_BOOL_CONVERSION = YES;
				CLANG_WARN_CONSTANT_CONVERSION = YES;
				CLANG_WARN_DIRECT_OBJC_ISA_USAGE = YES_ERROR;
				CLANG_WARN_EMPTY_BODY = YES;
				CLANG_WARN_ENUM_CONVERSION = YES;
				CLANG_WARN_INT_CONVERSION = YES;
				CLANG_WARN_OBJC_ROOT_CLASS = YES_ERROR;
				CLANG_WARN_UNREACHABLE_CODE = YES;
				CLANG_WARN__DUPLICATE_METHOD_MATCH = YES;
				"CODE_SIGN_IDENTITY[sdk=iphoneos*]" = "iPhone Developer";
				COPY_PHASE_STRIP = NO;
				DEBUG_INFORMATION_FORMAT = "dwarf-with-dsym";
				ENABLE_STRICT_OBJC_MSGSEND = YES;
				GCC_C_LANGUAGE_STANDARD = gnu99;
				GCC_DYNAMIC_NO_PIC = NO;
				GCC_NO_COMMON_BLOCKS = YES;
				GCC_OPTIMIZATION_LEVEL = 0;
				GCC_PREPROCESSOR_DEFINITIONS = (
					"DEBUG=1",
					"$(inherited)",
				);
				GCC_SYMBOLS_PRIVATE_EXTERN = NO;
				GCC_WARN_64_TO_32_BIT_CONVERSION = YES;
				GCC_WARN_ABOUT_RETURN_TYPE = YES_ERROR;
				GCC_WARN_UNDECLARED_SELECTOR = YES;
				GCC_WARN_UNINITIALIZED_AUTOS = YES_AGGRESSIVE;
				GCC_WARN_UNUSED_FUNCTION = YES;
				GCC_WARN_UNUSED_VARIABLE = YES;
				IPHONEOS_DEPLOYMENT_TARGET = 8.3;
				MTL_ENABLE_DEBUG_INFO = YES;
				ONLY_ACTIVE_ARCH = YES;
				SDKROOT = iphoneos;
			};
			name = Debug;
		};
		2A80B0D51B2B89A3009E02CE /* Release */ = {
			isa = XCBuildConfiguration;
			buildSettings = {
				ALWAYS_SEARCH_USER_PATHS = NO;
				CLANG_CXX_LANGUAGE_STANDARD = "gnu++0x";
				CLANG_CXX_LIBRARY = "libc++";
				CLANG_ENABLE_MODULES = YES;
				CLANG_ENABLE_OBJC_ARC = YES;
				CLANG_WARN_BOOL_CONVERSION = YES;
				CLANG_WARN_CONSTANT_CONVERSION = YES;
				CLANG_WARN_DIRECT_OBJC_ISA_USAGE = YES_ERROR;
				CLANG_WARN_EMPTY_BODY = YES;
				CLANG_WARN_ENUM_CONVERSION = YES;
				CLANG_WARN_INT_CONVERSION = YES;
				CLANG_WARN_OBJC_ROOT_CLASS = YES_ERROR;
				CLANG_WARN_UNREACHABLE_CODE = YES;
				CLANG_WARN__DUPLICATE_METHOD_MATCH = YES;
				"CODE_SIGN_IDENTITY[sdk=iphoneos*]" = "iPhone Developer";
				COPY_PHASE_STRIP = NO;
				DEBUG_INFORMATION_FORMAT = "dwarf-with-dsym";
				ENABLE_NS_ASSERTIONS = NO;
				ENABLE_STRICT_OBJC_MSGSEND = YES;
				GCC_C_LANGUAGE_STANDARD = gnu99;
				GCC_NO_COMMON_BLOCKS = YES;
				GCC_WARN_64_TO_32_BIT_CONVERSION = YES;
				GCC_WARN_ABOUT_RETURN_TYPE = YES_ERROR;
				GCC_WARN_UNDECLARED_SELECTOR = YES;
				GCC_WARN_UNINITIALIZED_AUTOS = YES_AGGRESSIVE;
				GCC_WARN_UNUSED_FUNCTION = YES;
				GCC_WARN_UNUSED_VARIABLE = YES;
				IPHONEOS_DEPLOYMENT_TARGET = 8.3;
				MTL_ENABLE_DEBUG_INFO = NO;
				SDKROOT = iphoneos;
				VALIDATE_PRODUCT = YES;
			};
			name = Release;
		};
		2A80B0D71B2B89A3009E02CE /* Debug */ = {
			isa = XCBuildConfiguration;
			buildSettings = {
				ASSETCATALOG_COMPILER_APPICON_NAME = AppIcon;
				INFOPLIST_FILE = assignment/Info.plist;
				LD_RUNPATH_SEARCH_PATHS = "$(inherited) @executable_path/Frameworks";
				PRODUCT_NAME = "$(TARGET_NAME)";
			};
			name = Debug;
		};
		2A80B0D81B2B89A3009E02CE /* Release */ = {
			isa = XCBuildConfiguration;
			buildSettings = {
				ASSETCATALOG_COMPILER_APPICON_NAME = AppIcon;
				INFOPLIST_FILE = assignment/Info.plist;
				LD_RUNPATH_SEARCH_PATHS = "$(inherited) @executable_path/Frameworks";
				PRODUCT_NAME = "$(TARGET_NAME)";
			};
			name = Release;
		};
		2A80B0DA1B2B89A3009E02CE /* Debug */ = {
			isa = XCBuildConfiguration;
			buildSettings = {
				BUNDLE_LOADER = "$(TEST_HOST)";
				FRAMEWORK_SEARCH_PATHS = (
					"$(SDKROOT)/Developer/Library/Frameworks",
					"$(inherited)",
				);
				GCC_PREPROCESSOR_DEFINITIONS = (
					"DEBUG=1",
					"$(inherited)",
				);
				INFOPLIST_FILE = assignmentTests/Info.plist;
				LD_RUNPATH_SEARCH_PATHS = "$(inherited) @executable_path/Frameworks @loader_path/Frameworks";
				PRODUCT_NAME = "$(TARGET_NAME)";
				TEST_HOST = "$(BUILT_PRODUCTS_DIR)/assignment.app/assignment";
			};
			name = Debug;
		};
		2A80B0DB1B2B89A3009E02CE /* Release */ = {
			isa = XCBuildConfiguration;
			buildSettings = {
				BUNDLE_LOADER = "$(TEST_HOST)";
				FRAMEWORK_SEARCH_PATHS = (
					"$(SDKROOT)/Developer/Library/Frameworks",
					"$(inherited)",
				);
				INFOPLIST_FILE = assignmentTests/Info.plist;
				LD_RUNPATH_SEARCH_PATHS = "$(inherited) @executable_path/Frameworks @loader_path/Frameworks";
				PRODUCT_NAME = "$(TARGET_NAME)";
				TEST_HOST = "$(BUILT_PRODUCTS_DIR)/assignment.app/assignment";
			};
			name = Release;
		};
/* End XCBuildConfiguration section */

/* Begin XCConfigurationList section */
		2A80B0AE1B2B89A3009E02CE /* Build configuration list for PBXProject "assignment" */ = {
			isa = XCConfigurationList;
			buildConfigurations = (
				2A80B0D41B2B89A3009E02CE /* Debug */,
				2A80B0D51B2B89A3009E02CE /* Release */,
			);
			defaultConfigurationIsVisible = 0;
			defaultConfigurationName = Release;
		};
		2A80B0D61B2B89A3009E02CE /* Build configuration list for PBXNativeTarget "assignment" */ = {
			isa = XCConfigurationList;
			buildConfigurations = (
				2A80B0D71B2B89A3009E02CE /* Debug */,
				2A80B0D81B2B89A3009E02CE /* Release */,
			);
			defaultConfigurationIsVisible = 0;
		};
		2A80B0D91B2B89A3009E02CE /* Build configuration list for PBXNativeTarget "assignmentTests" */ = {
			isa = XCConfigurationList;
			buildConfigurations = (
				2A80B0DA1B2B89A3009E02CE /* Debug */,
				2A80B0DB1B2B89A3009E02CE /* Release */,
			);
			defaultConfigurationIsVisible = 0;
		};
/* End XCConfigurationList section */
	};
	rootObject = 2A80B0AB1B2B89A3009E02CE /* Project object */;
}
